
Microsoft Visual Studio Solution File, Format Version 12.00
# Visual Studio Version 16
VisualStudioVersion = 16.0.31624.102
MinimumVisualStudioVersion = 10.0.40219.1
Project("{FAE04EC0-301F-11D3-BF4B-00C04F79EFBC}") = "MovieManage", "MovieManage\MovieManage.csproj", "{12803782-D17B-4FFA-B52E-7FC0D48AD088}"
EndProject
Global
	GlobalSection(SolutionConfigurationPlatforms) = preSolution
		Debug|Any CPU = Debug|Any CPU
		Release|Any CPU = Release|Any CPU
	EndGlobalSection
	GlobalSection(ProjectConfigurationPlatforms) = postSolution
		{12803782-D17B-4FFA-B52E-7FC0D48AD088}.Debug|Any CPU.ActiveCfg = Debug|Any CPU
		{12803782-D17B-4FFA-B52E-7FC0D48AD088}.Debug|Any CPU.Build.0 = Debug|Any CPU
		{12803782-D17B-4FFA-B52E-7FC0D48AD088}.Release|Any CPU.ActiveCfg = Release|Any CPU
		{12803782-D17B-4FFA-B52E-7FC0D48AD088}.Release|Any CPU.Build.0 = Release|Any CPU
	EndGlobalSection
	GlobalSection(SolutionProperties) = preSolution
		HideSolutionNode = FALSE
	EndGlobalSection
	GlobalSection(ExtensibilityGlobals) = postSolution
		SolutionGuid = {849FB4C5-B23D-4571-A551-BEC1C8A7E689}
	EndGlobalSection
EndGlobal
